
Microsoft Visual Studio Solution File, Format Version 12.00
# Visual Studio Version 16
VisualStudioVersion = 16.0.32106.194
MinimumVisualStudioVersion = 10.0.40219.1
Project("{9A19103F-16F7-4668-BE54-9A1E7A4F7556}") = "PhonebookAPI", ".\Phonebook.Api\PhonebookAPI.csproj", "{24210FF4-2643-4C05-9323-031055CC17EB}"
EndProject
Project("{9A19103F-16F7-4668-BE54-9A1E7A4F7556}") = "Phonebook.UnitTests", ".\Phonebook.UnitTests\PhonebookUnitTests.csproj", "{20FE53B9-F276-4752-9D3A-A93F3F2F992F}"
EndProject
Global
	GlobalSection(SolutionConfigurationPlatforms) = preSolution
		Debug|Any CPU = Debug|Any CPU
		Release|Any CPU = Release|Any CPU
	EndGlobalSection
	GlobalSection(ProjectConfigurationPlatforms) = postSolution
		{24210FF4-2643-4C05-9323-031055CC17EB}.Debug|Any CPU.ActiveCfg = Debug|Any CPU
		{24210FF4-2643-4C05-9323-031055CC17EB}.Debug|Any CPU.Build.0 = Debug|Any CPU
		{24210FF4-2643-4C05-9323-031055CC17EB}.Release|Any CPU.ActiveCfg = Release|Any CPU
		{24210FF4-2643-4C05-9323-031055CC17EB}.Release|Any CPU.Build.0 = Release|Any CPU
		{20FE53B9-F276-4752-9D3A-A93F3F2F992F}.Debug|Any CPU.ActiveCfg = Debug|Any CPU
		{20FE53B9-F276-4752-9D3A-A93F3F2F992F}.Debug|Any CPU.Build.0 = Debug|Any CPU
		{20FE53B9-F276-4752-9D3A-A93F3F2F992F}.Release|Any CPU.ActiveCfg = Release|Any CPU
		{20FE53B9-F276-4752-9D3A-A93F3F2F992F}.Release|Any CPU.Build.0 = Release|Any CPU
	EndGlobalSection
	GlobalSection(SolutionProperties) = preSolution
		HideSolutionNode = FALSE
	EndGlobalSection
	GlobalSection(ExtensibilityGlobals) = postSolution
		SolutionGuid = {E3A597A2-31A1-4C2E-A07E-93AA6F736D1D}
	EndGlobalSection
EndGlobal
